Microsoft Visual Studio Solution File, Format Version 12.00
# Visual Studio Version 17
VisualStudioVersion = 17.14.35906.104
MinimumVisualStudioVersion = 10.0.40219.1
Project("{FAE04EC0-301F-11D3-BF4B-00C04F79EFBC}") = "Assignment 1.1.1", "Assignment 1.1.1.csproj", "{80789EAF-9175-4CEA-9564-A117819C5886}"
EndProject
Global
	GlobalSection(SolutionConfigurationPlatforms) = preSolution
		Debug|Any CPU = Debug|Any CPU
		Release|Any CPU = Release|Any CPU
	EndGlobalSection
	GlobalSection(ProjectConfigurationPlatforms) = postSolution
		{80789EAF-9175-4CEA-9564-A117819C5886}.Debug|Any CPU.ActiveCfg = Debug|Any CPU
		{80789EAF-9175-4CEA-9564-A117819C5886}.Debug|Any CPU.Build.0 = Debug|Any CPU
		{80789EAF-9175-4CEA-9564-A117819C5886}.Release|Any CPU.ActiveCfg = Release|Any CPU
		{80789EAF-9175-4CEA-9564-A117819C5886}.Release|Any CPU.Build.0 = Release|Any CPU
	EndGlobalSection
	GlobalSection(SolutionProperties) = preSolution
		HideSolutionNode = FALSE
	EndGlobalSection
	GlobalSection(ExtensibilityGlobals) = postSolution
		SolutionGuid = {F9F1DCAE-B774-4197-B466-0DEF08B6E876}
	EndGlobalSection
EndGlobal
